{
    "_readme": [
        "This file locks the dependencies of your project to a known state",
        "Read more about it at https://getcomposer.org/doc/01-basic-usage.md#installing-dependencies",
        "This file is @generated automatically"
    ],
    "content-hash": "6f177b425accae73c40cea2abf68b1d0",
    "packages": [],
    "packages-dev": [],
    "aliases": [],
    "minimum-stability": "stable",
    "stability-flags": {},
    "prefer-stable": true,
    "prefer-lowest": false,
    "platform": {
        "php": "^8.1",
        "ext-pdo": "*",
        "ext-pdo_mysql": "*",
        "ext-mbstring": "*",
        "ext-json": "*"
    },
    "platform-dev": {
        "php": "^8.1"
    },
    "platform-overrides": {
        "php": "8.1"
    },
    "plugin-api-version": "2.9.0"
}
